// !$*UTF8*$!
{
	archiveVersion = 1;
	classes = {
	};
	objectVersion = 55;
	objects = {

/* Begin PBXBuildFile section */
		B5472227E60A054C134CBF54 /* Pods_MADiOS_Weather_App.framework in Frameworks */ = {isa = PBXBuildFile; fileRef = 1731BA1B1576B7AE9B3F43C2 /* Pods_MADiOS_Weather_App.framework */; };
		C928EC08295C819E00A4CBAC /* CityCell.swift in Sources */ = {isa = PBXBuildFile; fileRef = C928EC07295C819E00A4CBAC /* CityCell.swift */; };
		C95674632964705400BE80F2 /* CityViewController.swift in Sources */ = {isa = PBXBuildFile; fileRef = C95674622964705400BE80F2 /* CityViewController.swift */; };
		C96A92B7295DBE7500E8B690 /* Weather.swift in Sources */ = {isa = PBXBuildFile; fileRef = C96A92B6295DBE7500E8B690 /* Weather.swift */; };
		C96A92B9295DBE8600E8B690 /* WeatherAPI.swift in Sources */ = {isa = PBXBuildFile; fileRef = C96A92B8295DBE8600E8B690 /* WeatherAPI.swift */; };
		C96A92BB295DBE9000E8B690 /* Configuration.plist in Resources */ = {isa = PBXBuildFile; fileRef = C96A92BA295DBE9000E8B690 /* Configuration.plist */; };
		C96B2BEA2969A18500A0C86B /* CityViewControllerDelegate.swift in Sources */ = {isa = PBXBuildFile; fileRef = C96B2BE92969A18500A0C86B /* CityViewControllerDelegate.swift */; };
		C971575B295AFD02000F2692 /* InfoViewController.swift in Sources */ = {isa = PBXBuildFile; fileRef = C971575A295AFD02000F2692 /* InfoViewController.swift */; };
		C9873A4E295CC41B00D6B806 /* City.swift in Sources */ = {isa = PBXBuildFile; fileRef = C9873A4D295CC41A00D6B806 /* City.swift */; };
		C99E9B292961A909000C0BFD /* WeatherJSON.swift in Sources */ = {isa = PBXBuildFile; fileRef = C99E9B282961A909000C0BFD /* WeatherJSON.swift */; };
		C9F873932959AC0A004E7DD8 /* AppDelegate.swift in Sources */ = {isa = PBXBuildFile; fileRef = C9F873922959AC0A004E7DD8 /* AppDelegate.swift */; };
		C9F873952959AC0A004E7DD8 /* SceneDelegate.swift in Sources */ = {isa = PBXBuildFile; fileRef = C9F873942959AC0A004E7DD8 /* SceneDelegate.swift */; };
		C9F873972959AC0A004E7DD8 /* ViewController.swift in Sources */ = {isa = PBXBuildFile; fileRef = C9F873962959AC0A004E7DD8 /* ViewController.swift */; };
		C9F8739A2959AC0A004E7DD8 /* Main.storyboard in Resources */ = {isa = PBXBuildFile; fileRef = C9F873982959AC0A004E7DD8 /* Main.storyboard */; };
		C9F8739C2959AC0F004E7DD8 /* Assets.xcassets in Resources */ = {isa = PBXBuildFile; fileRef = C9F8739B2959AC0F004E7DD8 /* Assets.xcassets */; };
		C9F8739F2959AC10004E7DD8 /* LaunchScreen.storyboard in Resources */ = {isa = PBXBuildFile; fileRef = C9F8739D2959AC10004E7DD8 /* LaunchScreen.storyboard */; };
		C9F873A82959B562004E7DD8 /* MenuViewController.swift in Sources */ = {isa = PBXBuildFile; fileRef = C9F873A72959B562004E7DD8 /* MenuViewController.swift */; };
		C9F873AA2959B578004E7DD8 /* HomeViewController.swift in Sources */ = {isa = PBXBuildFile; fileRef = C9F873A92959B578004E7DD8 /* HomeViewController.swift */; };
/* End PBXBuildFile section */

/* Begin PBXFileReference section */
		1731BA1B1576B7AE9B3F43C2 /* Pods_MADiOS_Weather_App.framework */ = {isa = PBXFileReference; explicitFileType = wrapper.framework; includeInIndex = 0; path = Pods_MADiOS_Weather_App.framework; sourceTree = BUILT_PRODUCTS_DIR; };
		421355512259AB9CC5EDEDB7 /* Pods-MADiOS_Weather_App.debug.xcconfig */ = {isa = PBXFileReference; includeInIndex = 1; lastKnownFileType = text.xcconfig; name = "Pods-MADiOS_Weather_App.debug.xcconfig"; path = "Target Support Files/Pods-MADiOS_Weather_App/Pods-MADiOS_Weather_App.debug.xcconfig"; sourceTree = "<group>"; };
		C928EC07295C819E00A4CBAC /* CityCell.swift */ = {isa = PBXFileReference; lastKnownFileType = sourcecode.swift; path = CityCell.swift; sourceTree = "<group>"; };
		C95674622964705400BE80F2 /* CityViewController.swift */ = {isa = PBXFileReference; lastKnownFileType = sourcecode.swift; path = CityViewController.swift; sourceTree = "<group>"; };
		C96A92B6295DBE7500E8B690 /* Weather.swift */ = {isa = PBXFileReference; fileEncoding = 4; lastKnownFileType = sourcecode.swift; path = Weather.swift; sourceTree = "<group>"; };
		C96A92B8295DBE8600E8B690 /* WeatherAPI.swift */ = {isa = PBXFileReference; fileEncoding = 4; lastKnownFileType = sourcecode.swift; path = WeatherAPI.swift; sourceTree = "<group>"; };
		C96A92BA295DBE9000E8B690 /* Configuration.plist */ = {isa = PBXFileReference; fileEncoding = 4; lastKnownFileType = text.plist.xml; path = Configuration.plist; sourceTree = "<group>"; };
		C96B2BE92969A18500A0C86B /* CityViewControllerDelegate.swift */ = {isa = PBXFileReference; lastKnownFileType = sourcecode.swift; path = CityViewControllerDelegate.swift; sourceTree = "<group>"; };
		C971575A295AFD02000F2692 /* InfoViewController.swift */ = {isa = PBXFileReference; lastKnownFileType = sourcecode.swift; path = InfoViewController.swift; sourceTree = "<group>"; };
		C9873A4D295CC41A00D6B806 /* City.swift */ = {isa = PBXFileReference; lastKnownFileType = sourcecode.swift; path = City.swift; sourceTree = "<group>"; };
		C99E9B282961A909000C0BFD /* WeatherJSON.swift */ = {isa = PBXFileReference; fileEncoding = 4; lastKnownFileType = sourcecode.swift; path = WeatherJSON.swift; sourceTree = "<group>"; };
		C9F8738F2959AC0A004E7DD8 /* MADiOS_Weather_App.app */ = {isa = PBXFileReference; explicitFileType = wrapper.application; includeInIndex = 0; path = MADiOS_Weather_App.app; sourceTree = BUILT_PRODUCTS_DIR; };
		C9F873922959AC0A004E7DD8 /* AppDelegate.swift */ = {isa = PBXFileReference; lastKnownFileType = sourcecode.swift; path = AppDelegate.swift; sourceTree = "<group>"; };
		C9F873942959AC0A004E7DD8 /* SceneDelegate.swift */ = {isa = PBXFileReference; lastKnownFileType = sourcecode.swift; path = SceneDelegate.swift; sourceTree = "<group>"; };
		C9F873962959AC0A004E7DD8 /* ViewController.swift */ = {isa = PBXFileReference; lastKnownFileType = sourcecode.swift; path = ViewController.swift; sourceTree = "<group>"; };
		C9F873992959AC0A004E7DD8 /* Base */ = {isa = PBXFileReference; lastKnownFileType = file.storyboard; name = Base; path = Base.lproj/Main.storyboard; sourceTree = "<group>"; };
		C9F8739B2959AC0F004E7DD8 /* Assets.xcassets */ = {isa = PBXFileReference; lastKnownFileType = folder.assetcatalog; path = Assets.xcassets; sourceTree = "<group>"; };
		C9F8739E2959AC10004E7DD8 /* Base */ = {isa = PBXFileReference; lastKnownFileType = file.storyboard; name = Base; path = Base.lproj/LaunchScreen.storyboard; sourceTree = "<group>"; };
		C9F873A02959AC10004E7DD8 /* Info.plist */ = {isa = PBXFileReference; lastKnownFileType = text.plist.xml; path = Info.plist; sourceTree = "<group>"; };
		C9F873A72959B562004E7DD8 /* MenuViewController.swift */ = {isa = PBXFileReference; lastKnownFileType = sourcecode.swift; path = MenuViewController.swift; sourceTree = "<group>"; };
		C9F873A92959B578004E7DD8 /* HomeViewController.swift */ = {isa = PBXFileReference; lastKnownFileType = sourcecode.swift; path = HomeViewController.swift; sourceTree = "<group>"; };
		EE27F2FE039455FBCA998F39 /* Pods-MADiOS_Weather_App.release.xcconfig */ = {isa = PBXFileReference; includeInIndex = 1; lastKnownFileType = text.xcconfig; name = "Pods-MADiOS_Weather_App.release.xcconfig"; path = "Target Support Files/Pods-MADiOS_Weather_App/Pods-MADiOS_Weather_App.release.xcconfig"; sourceTree = "<group>"; };
/* End PBXFileReference section */

/* Begin PBXFrameworksBuildPhase section */
		C9F8738C2959AC0A004E7DD8 /* Frameworks */ = {
			isa = PBXFrameworksBuildPhase;
			buildActionMask = 2147483647;
			files = (
				B5472227E60A054C134CBF54 /* Pods_MADiOS_Weather_App.framework in Frameworks */,
			);
			runOnlyForDeploymentPostprocessing = 0;
		};
/* End PBXFrameworksBuildPhase section */

/* Begin PBXGroup section */
		58B066EED5489522C11401F8 /* Pods */ = {
			isa = PBXGroup;
			children = (
				421355512259AB9CC5EDEDB7 /* Pods-MADiOS_Weather_App.debug.xcconfig */,
				EE27F2FE039455FBCA998F39 /* Pods-MADiOS_Weather_App.release.xcconfig */,
			);
			path = Pods;
			sourceTree = "<group>";
		};
		849A98C224DDD065F3488F2C /* Frameworks */ = {
			isa = PBXGroup;
			children = (
				1731BA1B1576B7AE9B3F43C2 /* Pods_MADiOS_Weather_App.framework */,
			);
			name = Frameworks;
			sourceTree = "<group>";
		};
		C9F873862959AC0A004E7DD8 = {
			isa = PBXGroup;
			children = (
				C9F873912959AC0A004E7DD8 /* MADiOS_Weather_App */,
				C9F873902959AC0A004E7DD8 /* Products */,
				58B066EED5489522C11401F8 /* Pods */,
				849A98C224DDD065F3488F2C /* Frameworks */,
			);
			sourceTree = "<group>";
		};
		C9F873902959AC0A004E7DD8 /* Products */ = {
			isa = PBXGroup;
			children = (
				C9F8738F2959AC0A004E7DD8 /* MADiOS_Weather_App.app */,
			);
			name = Products;
			sourceTree = "<group>";
		};
		C9F873912959AC0A004E7DD8 /* MADiOS_Weather_App */ = {
			isa = PBXGroup;
			children = (
				C9F873A62959B529004E7DD8 /* ViewControllers */,
				C9F873922959AC0A004E7DD8 /* AppDelegate.swift */,
				C9F873942959AC0A004E7DD8 /* SceneDelegate.swift */,
				C9F873982959AC0A004E7DD8 /* Main.storyboard */,
				C9F8739B2959AC0F004E7DD8 /* Assets.xcassets */,
				C9F8739D2959AC10004E7DD8 /* LaunchScreen.storyboard */,
				C9F873A02959AC10004E7DD8 /* Info.plist */,
				C928EC07295C819E00A4CBAC /* CityCell.swift */,
				C9873A4D295CC41A00D6B806 /* City.swift */,
				C96A92B6295DBE7500E8B690 /* Weather.swift */,
				C96A92B8295DBE8600E8B690 /* WeatherAPI.swift */,
				C96A92BA295DBE9000E8B690 /* Configuration.plist */,
				C99E9B282961A909000C0BFD /* WeatherJSON.swift */,
			);
			path = MADiOS_Weather_App;
			sourceTree = "<group>";
		};
		C9F873A62959B529004E7DD8 /* ViewControllers */ = {
			isa = PBXGroup;
			children = (
				C9F873962959AC0A004E7DD8 /* ViewController.swift */,
				C9F873A72959B562004E7DD8 /* MenuViewController.swift */,
				C9F873A92959B578004E7DD8 /* HomeViewController.swift */,
				C971575A295AFD02000F2692 /* InfoViewController.swift */,
				C95674622964705400BE80F2 /* CityViewController.swift */,
				C96B2BE92969A18500A0C86B /* CityViewControllerDelegate.swift */,
			);
			path = ViewControllers;
			sourceTree = "<group>";
		};
/* End PBXGroup section */

/* Begin PBXNativeTarget section */
		C9F8738E2959AC0A004E7DD8 /* MADiOS_Weather_App */ = {
			isa = PBXNativeTarget;
			buildConfigurationList = C9F873A32959AC10004E7DD8 /* Build configuration list for PBXNativeTarget "MADiOS_Weather_App" */;
			buildPhases = (
				585482F4DCDD73D8304AB98D /* [CP] Check Pods Manifest.lock */,
				C9F8738B2959AC0A004E7DD8 /* Sources */,
				C9F8738C2959AC0A004E7DD8 /* Frameworks */,
				C9F8738D2959AC0A004E7DD8 /* Resources */,
				AD8AB4DC4F7A61620F8ADEBB /* [CP] Embed Pods Frameworks */,
			);
			buildRules = (
			);
			dependencies = (
			);
			name = MADiOS_Weather_App;
			productName = MADiOS_Weather_App;
			productReference = C9F8738F2959AC0A004E7DD8 /* MADiOS_Weather_App.app */;
			productType = "com.apple.product-type.application";
		};
/* End PBXNativeTarget section */

/* Begin PBXProject section */
		C9F873872959AC0A004E7DD8 /* Project object */ = {
			isa = PBXProject;
			attributes = {
				BuildIndependentTargetsInParallel = 1;
				LastSwiftUpdateCheck = 1310;
				LastUpgradeCheck = 1310;
				TargetAttributes = {
					C9F8738E2959AC0A004E7DD8 = {
						CreatedOnToolsVersion = 13.1;
					};
				};
			};
			buildConfigurationList = C9F8738A2959AC0A004E7DD8 /* Build configuration list for PBXProject "MADiOS_Weather_App" */;
			compatibilityVersion = "Xcode 13.0";
			developmentRegion = en;
			hasScannedForEncodings = 0;
			knownRegions = (
				en,
				Base,
			);
			mainGroup = C9F873862959AC0A004E7DD8;
			productRefGroup = C9F873902959AC0A004E7DD8 /* Products */;
			projectDirPath = "";
			projectRoot = "";
			targets = (
				C9F8738E2959AC0A004E7DD8 /* MADiOS_Weather_App */,
			);
		};
/* End PBXProject section */

/* Begin PBXResourcesBuildPhase section */
		C9F8738D2959AC0A004E7DD8 /* Resources */ = {
			isa = PBXResourcesBuildPhase;
			buildActionMask = 2147483647;
			files = (
				C9F8739F2959AC10004E7DD8 /* LaunchScreen.storyboard in Resources */,
				C96A92BB295DBE9000E8B690 /* Configuration.plist in Resources */,
				C9F8739C2959AC0F004E7DD8 /* Assets.xcassets in Resources */,
				C9F8739A2959AC0A004E7DD8 /* Main.storyboard in Resources */,
			);
			runOnlyForDeploymentPostprocessing = 0;
		};
/* End PBXResourcesBuildPhase section */

/* Begin PBXShellScriptBuildPhase section */
		585482F4DCDD73D8304AB98D /* [CP] Check Pods Manifest.lock */ = {
			isa = PBXShellScriptBuildPhase;
			buildActionMask = 2147483647;
			files = (
			);
			inputFileListPaths = (
			);
			inputPaths = (
				"${PODS_PODFILE_DIR_PATH}/Podfile.lock",
				"${PODS_ROOT}/Manifest.lock",
			);
			name = "[CP] Check Pods Manifest.lock";
			outputFileListPaths = (
			);
			outputPaths = (
				"$(DERIVED_FILE_DIR)/Pods-MADiOS_Weather_App-checkManifestLockResult.txt",
			);
			runOnlyForDeploymentPostprocessing = 0;
			shellPath = /bin/sh;
			shellScript = "diff \"${PODS_PODFILE_DIR_PATH}/Podfile.lock\" \"${PODS_ROOT}/Manifest.lock\" > /dev/null\nif [ $? != 0 ] ; then\n    # print error to STDERR\n    echo \"error: The sandbox is not in sync with the Podfile.lock. Run 'pod install' or update your CocoaPods installation.\" >&2\n    exit 1\nfi\n# This output is used by Xcode 'outputs' to avoid re-running this script phase.\necho \"SUCCESS\" > \"${SCRIPT_OUTPUT_FILE_0}\"\n";
			showEnvVarsInLog = 0;
		};
		AD8AB4DC4F7A61620F8ADEBB /* [CP] Embed Pods Frameworks */ = {
			isa = PBXShellScriptBuildPhase;
			buildActionMask = 2147483647;
			files = (
			);
			inputFileListPaths = (
				"${PODS_ROOT}/Target Support Files/Pods-MADiOS_Weather_App/Pods-MADiOS_Weather_App-frameworks-${CONFIGURATION}-input-files.xcfilelist",
			);
			name = "[CP] Embed Pods Frameworks";
			outputFileListPaths = (
				"${PODS_ROOT}/Target Support Files/Pods-MADiOS_Weather_App/Pods-MADiOS_Weather_App-frameworks-${CONFIGURATION}-output-files.xcfilelist",
			);
			runOnlyForDeploymentPostprocessing = 0;
			shellPath = /bin/sh;
			shellScript = "\"${PODS_ROOT}/Target Support Files/Pods-MADiOS_Weather_App/Pods-MADiOS_Weather_App-frameworks.sh\"\n";
			showEnvVarsInLog = 0;
		};
/* End PBXShellScriptBuildPhase section */

/* Begin PBXSourcesBuildPhase section */
		C9F8738B2959AC0A004E7DD8 /* Sources */ = {
			isa = PBXSourcesBuildPhase;
			buildActionMask = 2147483647;
			files = (
				C96B2BEA2969A18500A0C86B /* CityViewControllerDelegate.swift in Sources */,
				C9F873AA2959B578004E7DD8 /* HomeViewController.swift in Sources */,
				C9F873972959AC0A004E7DD8 /* ViewController.swift in Sources */,
				C9F873932959AC0A004E7DD8 /* AppDelegate.swift in Sources */,
				C9F873952959AC0A004E7DD8 /* SceneDelegate.swift in Sources */,
				C96A92B7295DBE7500E8B690 /* Weather.swift in Sources */,
				C971575B295AFD02000F2692 /* InfoViewController.swift in Sources */,
				C928EC08295C819E00A4CBAC /* CityCell.swift in Sources */,
				C96A92B9295DBE8600E8B690 /* WeatherAPI.swift in Sources */,
				C9873A4E295CC41B00D6B806 /* City.swift in Sources */,
				C99E9B292961A909000C0BFD /* WeatherJSON.swift in Sources */,
				C9F873A82959B562004E7DD8 /* MenuViewController.swift in Sources */,
				C95674632964705400BE80F2 /* CityViewController.swift in Sources */,
			);
			runOnlyForDeploymentPostprocessing = 0;
		};
/* End PBXSourcesBuildPhase section */

/* Begin PBXVariantGroup section */
		C9F873982959AC0A004E7DD8 /* Main.storyboard */ = {
			isa = PBXVariantGroup;
			children = (
				C9F873992959AC0A004E7DD8 /* Base */,
			);
			name = Main.storyboard;
			sourceTree = "<group>";
		};
		C9F8739D2959AC10004E7DD8 /* LaunchScreen.storyboard */ = {
			isa = PBXVariantGroup;
			children = (
				C9F8739E2959AC10004E7DD8 /* Base */,
			);
			name = LaunchScreen.storyboard;
			sourceTree = "<group>";
		};
/* End PBXVariantGroup section */

/* Begin XCBuildConfiguration section */
		C9F873A12959AC10004E7DD8 /* Debug */ = {
			isa = XCBuildConfiguration;
			buildSettings = {
				ALWAYS_SEARCH_USER_PATHS = NO;
				CLANG_ANALYZER_NONNULL = YES;
				CLANG_ANALYZER_NUMBER_OBJECT_CONVERSION = YES_AGGRESSIVE;
				CLANG_CXX_LANGUAGE_STANDARD = "gnu++17";
				CLANG_CXX_LIBRARY = "libc++";
				CLANG_ENABLE_MODULES = YES;
				CLANG_ENABLE_OBJC_ARC = YES;
				CLANG_ENABLE_OBJC_WEAK = YES;
				CLANG_WARN_BLOCK_CAPTURE_AUTORELEASING = YES;
				CLANG_WARN_BOOL_CONVERSION = YES;
				CLANG_WARN_COMMA = YES;
				CLANG_WARN_CONSTANT_CONVERSION = YES;
				CLANG_WARN_DEPRECATED_OBJC_IMPLEMENTATIONS = YES;
				CLANG_WARN_DIRECT_OBJC_ISA_USAGE = YES_ERROR;
				CLANG_WARN_DOCUMENTATION_COMMENTS = YES;
				CLANG_WARN_EMPTY_BODY = YES;
				CLANG_WARN_ENUM_CONVERSION = YES;
				CLANG_WARN_INFINITE_RECURSION = YES;
				CLANG_WARN_INT_CONVERSION = YES;
				CLANG_WARN_NON_LITERAL_NULL_CONVERSION = YES;
				CLANG_WARN_OBJC_IMPLICIT_RETAIN_SELF = YES;
				CLANG_WARN_OBJC_LITERAL_CONVERSION = YES;
				CLANG_WARN_OBJC_ROOT_CLASS = YES_ERROR;
				CLANG_WARN_QUOTED_INCLUDE_IN_FRAMEWORK_HEADER = YES;
				CLANG_WARN_RANGE_LOOP_ANALYSIS = YES;
				CLANG_WARN_STRICT_PROTOTYPES = YES;
				CLANG_WARN_SUSPICIOUS_MOVE = YES;
				CLANG_WARN_UNGUARDED_AVAILABILITY = YES_AGGRESSIVE;
				CLANG_WARN_UNREACHABLE_CODE = YES;
				CLANG_WARN__DUPLICATE_METHOD_MATCH = YES;
				COPY_PHASE_STRIP = NO;
				DEBUG_INFORMATION_FORMAT = dwarf;
				ENABLE_STRICT_OBJC_MSGSEND = YES;
				ENABLE_TESTABILITY = YES;
				GCC_C_LANGUAGE_STANDARD = gnu11;
				GCC_DYNAMIC_NO_PIC = NO;
				GCC_NO_COMMON_BLOCKS = YES;
				GCC_OPTIMIZATION_LEVEL = 0;
				GCC_PREPROCESSOR_DEFINITIONS = (
					"DEBUG=1",
					"$(inherited)",
				);
				GCC_WARN_64_TO_32_BIT_CONVERSION = YES;
				GCC_WARN_ABOUT_RETURN_TYPE = YES_ERROR;
				GCC_WARN_UNDECLARED_SELECTOR = YES;
				GCC_WARN_UNINITIALIZED_AUTOS = YES_AGGRESSIVE;
				GCC_WARN_UNUSED_FUNCTION = YES;
				GCC_WARN_UNUSED_VARIABLE = YES;
				IPHONEOS_DEPLOYMENT_TARGET = 15.0;
				MTL_ENABLE_DEBUG_INFO = INCLUDE_SOURCE;
				MTL_FAST_MATH = YES;
				ONLY_ACTIVE_ARCH = YES;
				SDKROOT = iphoneos;
				SWIFT_ACTIVE_COMPILATION_CONDITIONS = DEBUG;
				SWIFT_OPTIMIZATION_LEVEL = "-Onone";
			};
			name = Debug;
		};
		C9F873A22959AC10004E7DD8 /* Release */ = {
			isa = XCBuildConfiguration;
			buildSettings = {
				ALWAYS_SEARCH_USER_PATHS = NO;
				CLANG_ANALYZER_NONNULL = YES;
				CLANG_ANALYZER_NUMBER_OBJECT_CONVERSION = YES_AGGRESSIVE;
				CLANG_CXX_LANGUAGE_STANDARD = "gnu++17";
				CLANG_CXX_LIBRARY = "libc++";
				CLANG_ENABLE_MODULES = YES;
				CLANG_ENABLE_OBJC_ARC = YES;
				CLANG_ENABLE_OBJC_WEAK = YES;
				CLANG_WARN_BLOCK_CAPTURE_AUTORELEASING = YES;
				CLANG_WARN_BOOL_CONVERSION = YES;
				CLANG_WARN_COMMA = YES;
				CLANG_WARN_CONSTANT_CONVERSION = YES;
				CLANG_WARN_DEPRECATED_OBJC_IMPLEMENTATIONS = YES;
				CLANG_WARN_DIRECT_OBJC_ISA_USAGE = YES_ERROR;
				CLANG_WARN_DOCUMENTATION_COMMENTS = YES;
				CLANG_WARN_EMPTY_BODY = YES;
				CLANG_WARN_ENUM_CONVERSION = YES;
				CLANG_WARN_INFINITE_RECURSION = YES;
				CLANG_WARN_INT_CONVERSION = YES;
				CLANG_WARN_NON_LITERAL_NULL_CONVERSION = YES;
				CLANG_WARN_OBJC_IMPLICIT_RETAIN_SELF = YES;
				CLANG_WARN_OBJC_LITERAL_CONVERSION = YES;
				CLANG_WARN_OBJC_ROOT_CLASS = YES_ERROR;
				CLANG_WARN_QUOTED_INCLUDE_IN_FRAMEWORK_HEADER = YES;
				CLANG_WARN_RANGE_LOOP_ANALYSIS = YES;
				CLANG_WARN_STRICT_PROTOTYPES = YES;
				CLANG_WARN_SUSPICIOUS_MOVE = YES;
				CLANG_WARN_UNGUARDED_AVAILABILITY = YES_AGGRESSIVE;
				CLANG_WARN_UNREACHABLE_CODE = YES;
				CLANG_WARN__DUPLICATE_METHOD_MATCH = YES;
				COPY_PHASE_STRIP = NO;
				DEBUG_INFORMATION_FORMAT = "dwarf-with-dsym";
				ENABLE_NS_ASSERTIONS = NO;
				ENABLE_STRICT_OBJC_MSGSEND = YES;
				GCC_C_LANGUAGE_STANDARD = gnu11;
				GCC_NO_COMMON_BLOCKS = YES;
				GCC_WARN_64_TO_32_BIT_CONVERSION = YES;
				GCC_WARN_ABOUT_RETURN_TYPE = YES_ERROR;
				GCC_WARN_UNDECLARED_SELECTOR = YES;
				GCC_WARN_UNINITIALIZED_AUTOS = YES_AGGRESSIVE;
				GCC_WARN_UNUSED_FUNCTION = YES;
				GCC_WARN_UNUSED_VARIABLE = YES;
				IPHONEOS_DEPLOYMENT_TARGET = 15.0;
				MTL_ENABLE_DEBUG_INFO = NO;
				MTL_FAST_MATH = YES;
				SDKROOT = iphoneos;
				SWIFT_COMPILATION_MODE = wholemodule;
				SWIFT_OPTIMIZATION_LEVEL = "-O";
				VALIDATE_PRODUCT = YES;
			};
			name = Release;
		};
		C9F873A42959AC10004E7DD8 /* Debug */ = {
			isa = XCBuildConfiguration;
			baseConfigurationReference = 421355512259AB9CC5EDEDB7 /* Pods-MADiOS_Weather_App.debug.xcconfig */;
			buildSettings = {
				ASSETCATALOG_COMPILER_APPICON_NAME = AppIcon;
				ASSETCATALOG_COMPILER_GLOBAL_ACCENT_COLOR_NAME = AccentColor;
				CODE_SIGN_STYLE = Automatic;
				CURRENT_PROJECT_VERSION = 1;
				GENERATE_INFOPLIST_FILE = YES;
				INFOPLIST_FILE = MADiOS_Weather_App/Info.plist;
				INFOPLIST_KEY_UIApplicationSupportsIndirectInputEvents = YES;
				INFOPLIST_KEY_UILaunchStoryboardName = LaunchScreen;
				INFOPLIST_KEY_UIMainStoryboardFile = Main;
				INFOPLIST_KEY_UISupportedInterfaceOrientations_iPad = "UIInterfaceOrientationPortrait UIInterfaceOrientationPortraitUpsideDown UIInterfaceOrientationLandscapeLeft UIInterfaceOrientationLandscapeRight";
				INFOPLIST_KEY_UISupportedInterfaceOrientations_iPhone = "UIInterfaceOrientationPortrait UIInterfaceOrientationLandscapeLeft UIInterfaceOrientationLandscapeRight";
				LD_RUNPATH_SEARCH_PATHS = (
					"$(inherited)",
					"@executable_path/Frameworks",
				);
				MARKETING_VERSION = 1.0;
				PRODUCT_BUNDLE_IDENTIFIER = "HoGent.MADiOS-Weather-App";
				PRODUCT_NAME = "$(TARGET_NAME)";
				SWIFT_EMIT_LOC_STRINGS = YES;
				SWIFT_VERSION = 5.0;
				TARGETED_DEVICE_FAMILY = "1,2";
			};
			name = Debug;
		};
		C9F873A52959AC10004E7DD8 /* Release */ = {
			isa = XCBuildConfiguration;
			baseConfigurationReference = EE27F2FE039455FBCA998F39 /* Pods-MADiOS_Weather_App.release.xcconfig */;
			buildSettings = {
				ASSETCATALOG_COMPILER_APPICON_NAME = AppIcon;
				ASSETCATALOG_COMPILER_GLOBAL_ACCENT_COLOR_NAME = AccentColor;
				CODE_SIGN_STYLE = Automatic;
				CURRENT_PROJECT_VERSION = 1;
				GENERATE_INFOPLIST_FILE = YES;
				INFOPLIST_FILE = MADiOS_Weather_App/Info.plist;
				INFOPLIST_KEY_UIApplicationSupportsIndirectInputEvents = YES;
				INFOPLIST_KEY_UILaunchStoryboardName = LaunchScreen;
				INFOPLIST_KEY_UIMainStoryboardFile = Main;
				INFOPLIST_KEY_UISupportedInterfaceOrientations_iPad = "UIInterfaceOrientationPortrait UIInterfaceOrientationPortraitUpsideDown UIInterfaceOrientationLandscapeLeft UIInterfaceOrientationLandscapeRight";
				INFOPLIST_KEY_UISupportedInterfaceOrientations_iPhone = "UIInterfaceOrientationPortrait UIInterfaceOrientationLandscapeLeft UIInterfaceOrientationLandscapeRight";
				LD_RUNPATH_SEARCH_PATHS = (
					"$(inherited)",
					"@executable_path/Frameworks",
				);
				MARKETING_VERSION = 1.0;
				PRODUCT_BUNDLE_IDENTIFIER = "HoGent.MADiOS-Weather-App";
				PRODUCT_NAME = "$(TARGET_NAME)";
				SWIFT_EMIT_LOC_STRINGS = YES;
				SWIFT_VERSION = 5.0;
				TARGETED_DEVICE_FAMILY = "1,2";
			};
			name = Release;
		};
/* End XCBuildConfiguration section */

/* Begin XCConfigurationList section */
		C9F8738A2959AC0A004E7DD8 /* Build configuration list for PBXProject "MADiOS_Weather_App" */ = {
			isa = XCConfigurationList;
			buildConfigurations = (
				C9F873A12959AC10004E7DD8 /* Debug */,
				C9F873A22959AC10004E7DD8 /* Release */,
			);
			defaultConfigurationIsVisible = 0;
			defaultConfigurationName = Release;
		};
		C9F873A32959AC10004E7DD8 /* Build configuration list for PBXNativeTarget "MADiOS_Weather_App" */ = {
			isa = XCConfigurationList;
			buildConfigurations = (
				C9F873A42959AC10004E7DD8 /* Debug */,
				C9F873A52959AC10004E7DD8 /* Release */,
			);
			defaultConfigurationIsVisible = 0;
			defaultConfigurationName = Release;
		};
/* End XCConfigurationList section */
	};
	rootObject = C9F873872959AC0A004E7DD8 /* Project object */;
}
